// !$*UTF8*$!
{
	archiveVersion = 1;
	classes = {
	};
	objectVersion = 56;
	objects = {

/* Begin PBXBuildFile section */
		9E4628D42BAD7BE700E0F98B /* AppDelegate.swift in Sources */ = {isa = PBXBuildFile; fileRef = 9E4628D32BAD7BE700E0F98B /* AppDelegate.swift */; };
		9E4628D62BAD7BE700E0F98B /* SceneDelegate.swift in Sources */ = {isa = PBXBuildFile; fileRef = 9E4628D52BAD7BE700E0F98B /* SceneDelegate.swift */; };
		9E4628DD2BAD7BE900E0F98B /* Assets.xcassets in Resources */ = {isa = PBXBuildFile; fileRef = 9E4628DC2BAD7BE900E0F98B /* Assets.xcassets */; };
		9E4628E02BAD7BE900E0F98B /* LaunchScreen.storyboard in Resources */ = {isa = PBXBuildFile; fileRef = 9E4628DE2BAD7BE900E0F98B /* LaunchScreen.storyboard */; };
		9E4628F02BAD7C5800E0F98B /* DataCollectionPresenter.swift in Sources */ = {isa = PBXBuildFile; fileRef = 9E4628EB2BAD7C5800E0F98B /* DataCollectionPresenter.swift */; };
		9E4628F12BAD7C5800E0F98B /* DataCollectionRouter.swift in Sources */ = {isa = PBXBuildFile; fileRef = 9E4628EC2BAD7C5800E0F98B /* DataCollectionRouter.swift */; };
		9E4628F22BAD7C5800E0F98B /* DataCollectionViewController.swift in Sources */ = {isa = PBXBuildFile; fileRef = 9E4628ED2BAD7C5800E0F98B /* DataCollectionViewController.swift */; };
		9E4628F32BAD7C5800E0F98B /* DataCollectionProtocols.swift in Sources */ = {isa = PBXBuildFile; fileRef = 9E4628EE2BAD7C5800E0F98B /* DataCollectionProtocols.swift */; };
		9E4628F42BAD7C5800E0F98B /* DataCollectionInteractor.swift in Sources */ = {isa = PBXBuildFile; fileRef = 9E4628EF2BAD7C5800E0F98B /* DataCollectionInteractor.swift */; };
		9E4628FA2BAD7C6000E0F98B /* DashboardPresenter.swift in Sources */ = {isa = PBXBuildFile; fileRef = 9E4628F52BAD7C6000E0F98B /* DashboardPresenter.swift */; };
		9E4628FB2BAD7C6000E0F98B /* DashboardRouter.swift in Sources */ = {isa = PBXBuildFile; fileRef = 9E4628F62BAD7C6000E0F98B /* DashboardRouter.swift */; };
		9E4628FC2BAD7C6000E0F98B /* DashboardViewController.swift in Sources */ = {isa = PBXBuildFile; fileRef = 9E4628F72BAD7C6000E0F98B /* DashboardViewController.swift */; };
		9E4628FD2BAD7C6000E0F98B /* DashboardProtocols.swift in Sources */ = {isa = PBXBuildFile; fileRef = 9E4628F82BAD7C6000E0F98B /* DashboardProtocols.swift */; };
		9E4628FE2BAD7C6000E0F98B /* DashboardInteractor.swift in Sources */ = {isa = PBXBuildFile; fileRef = 9E4628F92BAD7C6000E0F98B /* DashboardInteractor.swift */; };
		9E4629032BAD815A00E0F98B /* VKTextField.swift in Sources */ = {isa = PBXBuildFile; fileRef = 9E4629022BAD815A00E0F98B /* VKTextField.swift */; };
		9E4629092BAD8A5400E0F98B /* VKLabel.swift in Sources */ = {isa = PBXBuildFile; fileRef = 9E4629082BAD8A5400E0F98B /* VKLabel.swift */; };
		9E46290B2BAD8B4800E0F98B /* VKView.swift in Sources */ = {isa = PBXBuildFile; fileRef = 9E46290A2BAD8B4800E0F98B /* VKView.swift */; };
		9E46290D2BAD8BED00E0F98B /* UIColor+Extension.swift in Sources */ = {isa = PBXBuildFile; fileRef = 9E46290C2BAD8BEC00E0F98B /* UIColor+Extension.swift */; };
		9E46290F2BAD8DAD00E0F98B /* UIView+Extension.swift in Sources */ = {isa = PBXBuildFile; fileRef = 9E46290E2BAD8DAD00E0F98B /* UIView+Extension.swift */; };
		9E4629122BAD8EDF00E0F98B /* SnapKit in Frameworks */ = {isa = PBXBuildFile; productRef = 9E4629112BAD8EDF00E0F98B /* SnapKit */; };
		9E4629142BAD8EDF00E0F98B /* SnapKit-Dynamic in Frameworks */ = {isa = PBXBuildFile; productRef = 9E4629132BAD8EDF00E0F98B /* SnapKit-Dynamic */; };
		9E4629162BAD92F700E0F98B /* UIStackView+Extension.swift in Sources */ = {isa = PBXBuildFile; fileRef = 9E4629152BAD92F700E0F98B /* UIStackView+Extension.swift */; };
		9E4629182BAD9CD600E0F98B /* VKButton.swift in Sources */ = {isa = PBXBuildFile; fileRef = 9E4629172BAD9CD600E0F98B /* VKButton.swift */; };
		9E46291B2BADBCFB00E0F98B /* EpidemiologicalSpreadModel.swift in Sources */ = {isa = PBXBuildFile; fileRef = 9E46291A2BADBCFB00E0F98B /* EpidemiologicalSpreadModel.swift */; };
		9E46291E2BADBFEA00E0F98B /* UIHelper.swift in Sources */ = {isa = PBXBuildFile; fileRef = 9E46291D2BADBFEA00E0F98B /* UIHelper.swift */; };
		9E4629212BADC84200E0F98B /* DashboardStatisticsView.swift in Sources */ = {isa = PBXBuildFile; fileRef = 9E4629202BADC84200E0F98B /* DashboardStatisticsView.swift */; };
		9E4629242BADC98D00E0F98B /* AppImage.swift in Sources */ = {isa = PBXBuildFile; fileRef = 9E4629232BADC98D00E0F98B /* AppImage.swift */; };
		9E4629262BADCF4400E0F98B /* VKImageWithText.swift in Sources */ = {isa = PBXBuildFile; fileRef = 9E4629252BADCF4400E0F98B /* VKImageWithText.swift */; };
/* End PBXBuildFile section */

/* Begin PBXFileReference section */
		9E4628D02BAD7BE700E0F98B /* VK_test_assignment.app */ = {isa = PBXFileReference; explicitFileType = wrapper.application; includeInIndex = 0; path = VK_test_assignment.app; sourceTree = BUILT_PRODUCTS_DIR; };
		9E4628D32BAD7BE700E0F98B /* AppDelegate.swift */ = {isa = PBXFileReference; lastKnownFileType = sourcecode.swift; path = AppDelegate.swift; sourceTree = "<group>"; };
		9E4628D52BAD7BE700E0F98B /* SceneDelegate.swift */ = {isa = PBXFileReference; lastKnownFileType = sourcecode.swift; path = SceneDelegate.swift; sourceTree = "<group>"; };
		9E4628DC2BAD7BE900E0F98B /* Assets.xcassets */ = {isa = PBXFileReference; lastKnownFileType = folder.assetcatalog; path = Assets.xcassets; sourceTree = "<group>"; };
		9E4628DF2BAD7BE900E0F98B /* Base */ = {isa = PBXFileReference; lastKnownFileType = file.storyboard; name = Base; path = Base.lproj/LaunchScreen.storyboard; sourceTree = "<group>"; };
		9E4628E12BAD7BE900E0F98B /* Info.plist */ = {isa = PBXFileReference; lastKnownFileType = text.plist.xml; path = Info.plist; sourceTree = "<group>"; };
		9E4628EB2BAD7C5800E0F98B /* DataCollectionPresenter.swift */ = {isa = PBXFileReference; lastKnownFileType = sourcecode.swift; path = DataCollectionPresenter.swift; sourceTree = "<group>"; };
		9E4628EC2BAD7C5800E0F98B /* DataCollectionRouter.swift */ = {isa = PBXFileReference; lastKnownFileType = sourcecode.swift; path = DataCollectionRouter.swift; sourceTree = "<group>"; };
		9E4628ED2BAD7C5800E0F98B /* DataCollectionViewController.swift */ = {isa = PBXFileReference; lastKnownFileType = sourcecode.swift; path = DataCollectionViewController.swift; sourceTree = "<group>"; };
		9E4628EE2BAD7C5800E0F98B /* DataCollectionProtocols.swift */ = {isa = PBXFileReference; lastKnownFileType = sourcecode.swift; path = DataCollectionProtocols.swift; sourceTree = "<group>"; };
		9E4628EF2BAD7C5800E0F98B /* DataCollectionInteractor.swift */ = {isa = PBXFileReference; lastKnownFileType = sourcecode.swift; path = DataCollectionInteractor.swift; sourceTree = "<group>"; };
		9E4628F52BAD7C6000E0F98B /* DashboardPresenter.swift */ = {isa = PBXFileReference; lastKnownFileType = sourcecode.swift; path = DashboardPresenter.swift; sourceTree = "<group>"; };
		9E4628F62BAD7C6000E0F98B /* DashboardRouter.swift */ = {isa = PBXFileReference; lastKnownFileType = sourcecode.swift; path = DashboardRouter.swift; sourceTree = "<group>"; };
		9E4628F72BAD7C6000E0F98B /* DashboardViewController.swift */ = {isa = PBXFileReference; lastKnownFileType = sourcecode.swift; path = DashboardViewController.swift; sourceTree = "<group>"; };
		9E4628F82BAD7C6000E0F98B /* DashboardProtocols.swift */ = {isa = PBXFileReference; lastKnownFileType = sourcecode.swift; path = DashboardProtocols.swift; sourceTree = "<group>"; };
		9E4628F92BAD7C6000E0F98B /* DashboardInteractor.swift */ = {isa = PBXFileReference; lastKnownFileType = sourcecode.swift; path = DashboardInteractor.swift; sourceTree = "<group>"; };
		9E4629022BAD815A00E0F98B /* VKTextField.swift */ = {isa = PBXFileReference; lastKnownFileType = sourcecode.swift; path = VKTextField.swift; sourceTree = "<group>"; };
		9E4629082BAD8A5400E0F98B /* VKLabel.swift */ = {isa = PBXFileReference; lastKnownFileType = sourcecode.swift; path = VKLabel.swift; sourceTree = "<group>"; };
		9E46290A2BAD8B4800E0F98B /* VKView.swift */ = {isa = PBXFileReference; lastKnownFileType = sourcecode.swift; path = VKView.swift; sourceTree = "<group>"; };
		9E46290C2BAD8BEC00E0F98B /* UIColor+Extension.swift */ = {isa = PBXFileReference; lastKnownFileType = sourcecode.swift; path = "UIColor+Extension.swift"; sourceTree = "<group>"; };
		9E46290E2BAD8DAD00E0F98B /* UIView+Extension.swift */ = {isa = PBXFileReference; lastKnownFileType = sourcecode.swift; path = "UIView+Extension.swift"; sourceTree = "<group>"; };
		9E4629152BAD92F700E0F98B /* UIStackView+Extension.swift */ = {isa = PBXFileReference; lastKnownFileType = sourcecode.swift; path = "UIStackView+Extension.swift"; sourceTree = "<group>"; };
		9E4629172BAD9CD600E0F98B /* VKButton.swift */ = {isa = PBXFileReference; lastKnownFileType = sourcecode.swift; path = VKButton.swift; sourceTree = "<group>"; };
		9E46291A2BADBCFB00E0F98B /* EpidemiologicalSpreadModel.swift */ = {isa = PBXFileReference; lastKnownFileType = sourcecode.swift; path = EpidemiologicalSpreadModel.swift; sourceTree = "<group>"; };
		9E46291D2BADBFEA00E0F98B /* UIHelper.swift */ = {isa = PBXFileReference; lastKnownFileType = sourcecode.swift; path = UIHelper.swift; sourceTree = "<group>"; };
		9E4629202BADC84200E0F98B /* DashboardStatisticsView.swift */ = {isa = PBXFileReference; lastKnownFileType = sourcecode.swift; path = DashboardStatisticsView.swift; sourceTree = "<group>"; };
		9E4629232BADC98D00E0F98B /* AppImage.swift */ = {isa = PBXFileReference; lastKnownFileType = sourcecode.swift; path = AppImage.swift; sourceTree = "<group>"; };
		9E4629252BADCF4400E0F98B /* VKImageWithText.swift */ = {isa = PBXFileReference; lastKnownFileType = sourcecode.swift; path = VKImageWithText.swift; sourceTree = "<group>"; };
/* End PBXFileReference section */

/* Begin PBXFrameworksBuildPhase section */
		9E4628CD2BAD7BE700E0F98B /* Frameworks */ = {
			isa = PBXFrameworksBuildPhase;
			buildActionMask = 2147483647;
			files = (
				9E4629122BAD8EDF00E0F98B /* SnapKit in Frameworks */,
				9E4629142BAD8EDF00E0F98B /* SnapKit-Dynamic in Frameworks */,
			);
			runOnlyForDeploymentPostprocessing = 0;
		};
/* End PBXFrameworksBuildPhase section */

/* Begin PBXGroup section */
		9E4628C72BAD7BE700E0F98B = {
			isa = PBXGroup;
			children = (
				9E4628D22BAD7BE700E0F98B /* VK_test_assignment */,
				9E4628D12BAD7BE700E0F98B /* Products */,
			);
			sourceTree = "<group>";
		};
		9E4628D12BAD7BE700E0F98B /* Products */ = {
			isa = PBXGroup;
			children = (
				9E4628D02BAD7BE700E0F98B /* VK_test_assignment.app */,
			);
			name = Products;
			sourceTree = "<group>";
		};
		9E4628D22BAD7BE700E0F98B /* VK_test_assignment */ = {
			isa = PBXGroup;
			children = (
				9E4628E72BAD7BFB00E0F98B /* App */,
				9E4628FF2BAD80D400E0F98B /* Core */,
				9E4628E92BAD7C3B00E0F98B /* DataCollection */,
				9E4628EA2BAD7C4800E0F98B /* Dashboard */,
				9E4628E82BAD7C2100E0F98B /* Resources */,
			);
			path = VK_test_assignment;
			sourceTree = "<group>";
		};
		9E4628E72BAD7BFB00E0F98B /* App */ = {
			isa = PBXGroup;
			children = (
				9E4628D32BAD7BE700E0F98B /* AppDelegate.swift */,
				9E4628D52BAD7BE700E0F98B /* SceneDelegate.swift */,
			);
			path = App;
			sourceTree = "<group>";
		};
		9E4628E82BAD7C2100E0F98B /* Resources */ = {
			isa = PBXGroup;
			children = (
				9E4628DC2BAD7BE900E0F98B /* Assets.xcassets */,
				9E4628DE2BAD7BE900E0F98B /* LaunchScreen.storyboard */,
				9E4628E12BAD7BE900E0F98B /* Info.plist */,
			);
			path = Resources;
			sourceTree = "<group>";
		};
		9E4628E92BAD7C3B00E0F98B /* DataCollection */ = {
			isa = PBXGroup;
			children = (
				9E4629192BADBC6700E0F98B /* Models */,
				9E4628EB2BAD7C5800E0F98B /* DataCollectionPresenter.swift */,
				9E4628EC2BAD7C5800E0F98B /* DataCollectionRouter.swift */,
				9E4628ED2BAD7C5800E0F98B /* DataCollectionViewController.swift */,
				9E4628EE2BAD7C5800E0F98B /* DataCollectionProtocols.swift */,
				9E4628EF2BAD7C5800E0F98B /* DataCollectionInteractor.swift */,
			);
			path = DataCollection;
			sourceTree = "<group>";
		};
		9E4628EA2BAD7C4800E0F98B /* Dashboard */ = {
			isa = PBXGroup;
			children = (
				9E46291F2BADC82400E0F98B /* Views */,
				9E4628F52BAD7C6000E0F98B /* DashboardPresenter.swift */,
				9E4628F62BAD7C6000E0F98B /* DashboardRouter.swift */,
				9E4628F72BAD7C6000E0F98B /* DashboardViewController.swift */,
				9E4628F82BAD7C6000E0F98B /* DashboardProtocols.swift */,
				9E4628F92BAD7C6000E0F98B /* DashboardInteractor.swift */,
			);
			path = Dashboard;
			sourceTree = "<group>";
		};
		9E4628FF2BAD80D400E0F98B /* Core */ = {
			isa = PBXGroup;
			children = (
				9E4629222BADC98200E0F98B /* AppImage */,
				9E46291C2BADBFDA00E0F98B /* Helper */,
				9E4629002BAD80DD00E0F98B /* Extensions */,
				9E4629012BAD80E400E0F98B /* Common */,
			);
			path = Core;
			sourceTree = "<group>";
		};
		9E4629002BAD80DD00E0F98B /* Extensions */ = {
			isa = PBXGroup;
			children = (
				9E46290C2BAD8BEC00E0F98B /* UIColor+Extension.swift */,
				9E46290E2BAD8DAD00E0F98B /* UIView+Extension.swift */,
				9E4629152BAD92F700E0F98B /* UIStackView+Extension.swift */,
			);
			path = Extensions;
			sourceTree = "<group>";
		};
		9E4629012BAD80E400E0F98B /* Common */ = {
			isa = PBXGroup;
			children = (
				9E4629022BAD815A00E0F98B /* VKTextField.swift */,
				9E4629082BAD8A5400E0F98B /* VKLabel.swift */,
				9E46290A2BAD8B4800E0F98B /* VKView.swift */,
				9E4629172BAD9CD600E0F98B /* VKButton.swift */,
				9E4629252BADCF4400E0F98B /* VKImageWithText.swift */,
			);
			path = Common;
			sourceTree = "<group>";
		};
		9E4629192BADBC6700E0F98B /* Models */ = {
			isa = PBXGroup;
			children = (
				9E46291A2BADBCFB00E0F98B /* EpidemiologicalSpreadModel.swift */,
			);
			path = Models;
			sourceTree = "<group>";
		};
		9E46291C2BADBFDA00E0F98B /* Helper */ = {
			isa = PBXGroup;
			children = (
				9E46291D2BADBFEA00E0F98B /* UIHelper.swift */,
			);
			path = Helper;
			sourceTree = "<group>";
		};
		9E46291F2BADC82400E0F98B /* Views */ = {
			isa = PBXGroup;
			children = (
				9E4629202BADC84200E0F98B /* DashboardStatisticsView.swift */,
			);
			path = Views;
			sourceTree = "<group>";
		};
		9E4629222BADC98200E0F98B /* AppImage */ = {
			isa = PBXGroup;
			children = (
				9E4629232BADC98D00E0F98B /* AppImage.swift */,
			);
			path = AppImage;
			sourceTree = "<group>";
		};
/* End PBXGroup section */

/* Begin PBXNativeTarget section */
		9E4628CF2BAD7BE700E0F98B /* VK_test_assignment */ = {
			isa = PBXNativeTarget;
			buildConfigurationList = 9E4628E42BAD7BE900E0F98B /* Build configuration list for PBXNativeTarget "VK_test_assignment" */;
			buildPhases = (
				9E4628CC2BAD7BE700E0F98B /* Sources */,
				9E4628CD2BAD7BE700E0F98B /* Frameworks */,
				9E4628CE2BAD7BE700E0F98B /* Resources */,
			);
			buildRules = (
			);
			dependencies = (
			);
			name = VK_test_assignment;
			packageProductDependencies = (
				9E4629112BAD8EDF00E0F98B /* SnapKit */,
				9E4629132BAD8EDF00E0F98B /* SnapKit-Dynamic */,
			);
			productName = "VK Test Assignment";
			productReference = 9E4628D02BAD7BE700E0F98B /* VK_test_assignment.app */;
			productType = "com.apple.product-type.application";
		};
/* End PBXNativeTarget section */

/* Begin PBXProject section */
		9E4628C82BAD7BE700E0F98B /* Project object */ = {
			isa = PBXProject;
			attributes = {
				BuildIndependentTargetsInParallel = 1;
				LastSwiftUpdateCheck = 1500;
				LastUpgradeCheck = 1500;
				TargetAttributes = {
					9E4628CF2BAD7BE700E0F98B = {
						CreatedOnToolsVersion = 15.0;
					};
				};
			};
			buildConfigurationList = 9E4628CB2BAD7BE700E0F98B /* Build configuration list for PBXProject "VK_test_assignment" */;
			compatibilityVersion = "Xcode 14.0";
			developmentRegion = en;
			hasScannedForEncodings = 0;
			knownRegions = (
				en,
				Base,
			);
			mainGroup = 9E4628C72BAD7BE700E0F98B;
			packageReferences = (
				9E4629102BAD8EDF00E0F98B /* XCRemoteSwiftPackageReference "SnapKit" */,
			);
			productRefGroup = 9E4628D12BAD7BE700E0F98B /* Products */;
			projectDirPath = "";
			projectRoot = "";
			targets = (
				9E4628CF2BAD7BE700E0F98B /* VK_test_assignment */,
			);
		};
/* End PBXProject section */

/* Begin PBXResourcesBuildPhase section */
		9E4628CE2BAD7BE700E0F98B /* Resources */ = {
			isa = PBXResourcesBuildPhase;
			buildActionMask = 2147483647;
			files = (
				9E4628E02BAD7BE900E0F98B /* LaunchScreen.storyboard in Resources */,
				9E4628DD2BAD7BE900E0F98B /* Assets.xcassets in Resources */,
			);
			runOnlyForDeploymentPostprocessing = 0;
		};
/* End PBXResourcesBuildPhase section */

/* Begin PBXSourcesBuildPhase section */
		9E4628CC2BAD7BE700E0F98B /* Sources */ = {
			isa = PBXSourcesBuildPhase;
			buildActionMask = 2147483647;
			files = (
				9E4628F22BAD7C5800E0F98B /* DataCollectionViewController.swift in Sources */,
				9E4628F42BAD7C5800E0F98B /* DataCollectionInteractor.swift in Sources */,
				9E4628D42BAD7BE700E0F98B /* AppDelegate.swift in Sources */,
				9E46290D2BAD8BED00E0F98B /* UIColor+Extension.swift in Sources */,
				9E4629032BAD815A00E0F98B /* VKTextField.swift in Sources */,
				9E4628F32BAD7C5800E0F98B /* DataCollectionProtocols.swift in Sources */,
				9E4628FA2BAD7C6000E0F98B /* DashboardPresenter.swift in Sources */,
				9E4628F12BAD7C5800E0F98B /* DataCollectionRouter.swift in Sources */,
				9E46291B2BADBCFB00E0F98B /* EpidemiologicalSpreadModel.swift in Sources */,
				9E4629242BADC98D00E0F98B /* AppImage.swift in Sources */,
				9E46290B2BAD8B4800E0F98B /* VKView.swift in Sources */,
				9E4628FB2BAD7C6000E0F98B /* DashboardRouter.swift in Sources */,
				9E4629182BAD9CD600E0F98B /* VKButton.swift in Sources */,
				9E4629262BADCF4400E0F98B /* VKImageWithText.swift in Sources */,
				9E4629092BAD8A5400E0F98B /* VKLabel.swift in Sources */,
				9E46290F2BAD8DAD00E0F98B /* UIView+Extension.swift in Sources */,
				9E4629162BAD92F700E0F98B /* UIStackView+Extension.swift in Sources */,
				9E4628FE2BAD7C6000E0F98B /* DashboardInteractor.swift in Sources */,
				9E4628FD2BAD7C6000E0F98B /* DashboardProtocols.swift in Sources */,
				9E4628FC2BAD7C6000E0F98B /* DashboardViewController.swift in Sources */,
				9E4628F02BAD7C5800E0F98B /* DataCollectionPresenter.swift in Sources */,
				9E4628D62BAD7BE700E0F98B /* SceneDelegate.swift in Sources */,
				9E4629212BADC84200E0F98B /* DashboardStatisticsView.swift in Sources */,
				9E46291E2BADBFEA00E0F98B /* UIHelper.swift in Sources */,
			);
			runOnlyForDeploymentPostprocessing = 0;
		};
/* End PBXSourcesBuildPhase section */

/* Begin PBXVariantGroup section */
		9E4628DE2BAD7BE900E0F98B /* LaunchScreen.storyboard */ = {
			isa = PBXVariantGroup;
			children = (
				9E4628DF2BAD7BE900E0F98B /* Base */,
			);
			name = LaunchScreen.storyboard;
			sourceTree = "<group>";
		};
/* End PBXVariantGroup section */

/* Begin XCBuildConfiguration section */
		9E4628E22BAD7BE900E0F98B /* Debug */ = {
			isa = XCBuildConfiguration;
			buildSettings = {
				ALWAYS_SEARCH_USER_PATHS = NO;
				ASSETCATALOG_COMPILER_GENERATE_SWIFT_ASSET_SYMBOL_EXTENSIONS = YES;
				CLANG_ANALYZER_NONNULL = YES;
				CLANG_ANALYZER_NUMBER_OBJECT_CONVERSION = YES_AGGRESSIVE;
				CLANG_CXX_LANGUAGE_STANDARD = "gnu++20";
				CLANG_ENABLE_MODULES = YES;
				CLANG_ENABLE_OBJC_ARC = YES;
				CLANG_ENABLE_OBJC_WEAK = YES;
				CLANG_WARN_BLOCK_CAPTURE_AUTORELEASING = YES;
				CLANG_WARN_BOOL_CONVERSION = YES;
				CLANG_WARN_COMMA = YES;
				CLANG_WARN_CONSTANT_CONVERSION = YES;
				CLANG_WARN_DEPRECATED_OBJC_IMPLEMENTATIONS = YES;
				CLANG_WARN_DIRECT_OBJC_ISA_USAGE = YES_ERROR;
				CLANG_WARN_DOCUMENTATION_COMMENTS = YES;
				CLANG_WARN_EMPTY_BODY = YES;
				CLANG_WARN_ENUM_CONVERSION = YES;
				CLANG_WARN_INFINITE_RECURSION = YES;
				CLANG_WARN_INT_CONVERSION = YES;
				CLANG_WARN_NON_LITERAL_NULL_CONVERSION = YES;
				CLANG_WARN_OBJC_IMPLICIT_RETAIN_SELF = YES;
				CLANG_WARN_OBJC_LITERAL_CONVERSION = YES;
				CLANG_WARN_OBJC_ROOT_CLASS = YES_ERROR;
				CLANG_WARN_QUOTED_INCLUDE_IN_FRAMEWORK_HEADER = YES;
				CLANG_WARN_RANGE_LOOP_ANALYSIS = YES;
				CLANG_WARN_STRICT_PROTOTYPES = YES;
				CLANG_WARN_SUSPICIOUS_MOVE = YES;
				CLANG_WARN_UNGUARDED_AVAILABILITY = YES_AGGRESSIVE;
				CLANG_WARN_UNREACHABLE_CODE = YES;
				CLANG_WARN__DUPLICATE_METHOD_MATCH = YES;
				COPY_PHASE_STRIP = NO;
				DEBUG_INFORMATION_FORMAT = dwarf;
				ENABLE_STRICT_OBJC_MSGSEND = YES;
				ENABLE_TESTABILITY = YES;
				ENABLE_USER_SCRIPT_SANDBOXING = YES;
				GCC_C_LANGUAGE_STANDARD = gnu17;
				GCC_DYNAMIC_NO_PIC = NO;
				GCC_NO_COMMON_BLOCKS = YES;
				GCC_OPTIMIZATION_LEVEL = 0;
				GCC_PREPROCESSOR_DEFINITIONS = (
					"DEBUG=1",
					"$(inherited)",
				);
				GCC_WARN_64_TO_32_BIT_CONVERSION = YES;
				GCC_WARN_ABOUT_RETURN_TYPE = YES_ERROR;
				GCC_WARN_UNDECLARED_SELECTOR = YES;
				GCC_WARN_UNINITIALIZED_AUTOS = YES_AGGRESSIVE;
				GCC_WARN_UNUSED_FUNCTION = YES;
				GCC_WARN_UNUSED_VARIABLE = YES;
				IPHONEOS_DEPLOYMENT_TARGET = 17.0;
				LOCALIZATION_PREFERS_STRING_CATALOGS = YES;
				MTL_ENABLE_DEBUG_INFO = INCLUDE_SOURCE;
				MTL_FAST_MATH = YES;
				ONLY_ACTIVE_ARCH = YES;
				SDKROOT = iphoneos;
				SWIFT_ACTIVE_COMPILATION_CONDITIONS = "DEBUG $(inherited)";
				SWIFT_OPTIMIZATION_LEVEL = "-Onone";
			};
			name = Debug;
		};
		9E4628E32BAD7BE900E0F98B /* Release */ = {
			isa = XCBuildConfiguration;
			buildSettings = {
				ALWAYS_SEARCH_USER_PATHS = NO;
				ASSETCATALOG_COMPILER_GENERATE_SWIFT_ASSET_SYMBOL_EXTENSIONS = YES;
				CLANG_ANALYZER_NONNULL = YES;
				CLANG_ANALYZER_NUMBER_OBJECT_CONVERSION = YES_AGGRESSIVE;
				CLANG_CXX_LANGUAGE_STANDARD = "gnu++20";
				CLANG_ENABLE_MODULES = YES;
				CLANG_ENABLE_OBJC_ARC = YES;
				CLANG_ENABLE_OBJC_WEAK = YES;
				CLANG_WARN_BLOCK_CAPTURE_AUTORELEASING = YES;
				CLANG_WARN_BOOL_CONVERSION = YES;
				CLANG_WARN_COMMA = YES;
				CLANG_WARN_CONSTANT_CONVERSION = YES;
				CLANG_WARN_DEPRECATED_OBJC_IMPLEMENTATIONS = YES;
				CLANG_WARN_DIRECT_OBJC_ISA_USAGE = YES_ERROR;
				CLANG_WARN_DOCUMENTATION_COMMENTS = YES;
				CLANG_WARN_EMPTY_BODY = YES;
				CLANG_WARN_ENUM_CONVERSION = YES;
				CLANG_WARN_INFINITE_RECURSION = YES;
				CLANG_WARN_INT_CONVERSION = YES;
				CLANG_WARN_NON_LITERAL_NULL_CONVERSION = YES;
				CLANG_WARN_OBJC_IMPLICIT_RETAIN_SELF = YES;
				CLANG_WARN_OBJC_LITERAL_CONVERSION = YES;
				CLANG_WARN_OBJC_ROOT_CLASS = YES_ERROR;
				CLANG_WARN_QUOTED_INCLUDE_IN_FRAMEWORK_HEADER = YES;
				CLANG_WARN_RANGE_LOOP_ANALYSIS = YES;
				CLANG_WARN_STRICT_PROTOTYPES = YES;
				CLANG_WARN_SUSPICIOUS_MOVE = YES;
				CLANG_WARN_UNGUARDED_AVAILABILITY = YES_AGGRESSIVE;
				CLANG_WARN_UNREACHABLE_CODE = YES;
				CLANG_WARN__DUPLICATE_METHOD_MATCH = YES;
				COPY_PHASE_STRIP = NO;
				DEBUG_INFORMATION_FORMAT = "dwarf-with-dsym";
				ENABLE_NS_ASSERTIONS = NO;
				ENABLE_STRICT_OBJC_MSGSEND = YES;
				ENABLE_USER_SCRIPT_SANDBOXING = YES;
				GCC_C_LANGUAGE_STANDARD = gnu17;
				GCC_NO_COMMON_BLOCKS = YES;
				GCC_WARN_64_TO_32_BIT_CONVERSION = YES;
				GCC_WARN_ABOUT_RETURN_TYPE = YES_ERROR;
				GCC_WARN_UNDECLARED_SELECTOR = YES;
				GCC_WARN_UNINITIALIZED_AUTOS = YES_AGGRESSIVE;
				GCC_WARN_UNUSED_FUNCTION = YES;
				GCC_WARN_UNUSED_VARIABLE = YES;
				IPHONEOS_DEPLOYMENT_TARGET = 17.0;
				LOCALIZATION_PREFERS_STRING_CATALOGS = YES;
				MTL_ENABLE_DEBUG_INFO = NO;
				MTL_FAST_MATH = YES;
				SDKROOT = iphoneos;
				SWIFT_COMPILATION_MODE = wholemodule;
				VALIDATE_PRODUCT = YES;
			};
			name = Release;
		};
		9E4628E52BAD7BE900E0F98B /* Debug */ = {
			isa = XCBuildConfiguration;
			buildSettings = {
				ASSETCATALOG_COMPILER_APPICON_NAME = AppIcon;
				ASSETCATALOG_COMPILER_GLOBAL_ACCENT_COLOR_NAME = AccentColor;
				CODE_SIGN_STYLE = Automatic;
				CURRENT_PROJECT_VERSION = 1;
				DEVELOPMENT_TEAM = 532GA5V6NJ;
				GENERATE_INFOPLIST_FILE = YES;
				INFOPLIST_FILE = VK_test_assignment/Resources/Info.plist;
				INFOPLIST_KEY_UIApplicationSupportsIndirectInputEvents = YES;
				INFOPLIST_KEY_UILaunchStoryboardName = LaunchScreen;
				INFOPLIST_KEY_UISupportedInterfaceOrientations_iPad = "UIInterfaceOrientationPortrait UIInterfaceOrientationPortraitUpsideDown UIInterfaceOrientationLandscapeLeft UIInterfaceOrientationLandscapeRight";
				INFOPLIST_KEY_UISupportedInterfaceOrientations_iPhone = "UIInterfaceOrientationPortrait UIInterfaceOrientationLandscapeLeft UIInterfaceOrientationLandscapeRight";
				LD_RUNPATH_SEARCH_PATHS = (
					"$(inherited)",
					"@executable_path/Frameworks",
				);
				MARKETING_VERSION = 1.0;
				PRODUCT_BUNDLE_IDENTIFIER = "com.naariman.VK-Test-Assignment";
				PRODUCT_NAME = "$(TARGET_NAME)";
				SWIFT_EMIT_LOC_STRINGS = YES;
				SWIFT_VERSION = 5.0;
				TARGETED_DEVICE_FAMILY = "1,2";
			};
			name = Debug;
		};
		9E4628E62BAD7BE900E0F98B /* Release */ = {
			isa = XCBuildConfiguration;
			buildSettings = {
				ASSETCATALOG_COMPILER_APPICON_NAME = AppIcon;
				ASSETCATALOG_COMPILER_GLOBAL_ACCENT_COLOR_NAME = AccentColor;
				CODE_SIGN_STYLE = Automatic;
				CURRENT_PROJECT_VERSION = 1;
				DEVELOPMENT_TEAM = 532GA5V6NJ;
				GENERATE_INFOPLIST_FILE = YES;
				INFOPLIST_FILE = VK_test_assignment/Resources/Info.plist;
				INFOPLIST_KEY_UIApplicationSupportsIndirectInputEvents = YES;
				INFOPLIST_KEY_UILaunchStoryboardName = LaunchScreen;
				INFOPLIST_KEY_UISupportedInterfaceOrientations_iPad = "UIInterfaceOrientationPortrait UIInterfaceOrientationPortraitUpsideDown UIInterfaceOrientationLandscapeLeft UIInterfaceOrientationLandscapeRight";
				INFOPLIST_KEY_UISupportedInterfaceOrientations_iPhone = "UIInterfaceOrientationPortrait UIInterfaceOrientationLandscapeLeft UIInterfaceOrientationLandscapeRight";
				LD_RUNPATH_SEARCH_PATHS = (
					"$(inherited)",
					"@executable_path/Frameworks",
				);
				MARKETING_VERSION = 1.0;
				PRODUCT_BUNDLE_IDENTIFIER = "com.naariman.VK-Test-Assignment";
				PRODUCT_NAME = "$(TARGET_NAME)";
				SWIFT_EMIT_LOC_STRINGS = YES;
				SWIFT_VERSION = 5.0;
				TARGETED_DEVICE_FAMILY = "1,2";
			};
			name = Release;
		};
/* End XCBuildConfiguration section */

/* Begin XCConfigurationList section */
		9E4628CB2BAD7BE700E0F98B /* Build configuration list for PBXProject "VK_test_assignment" */ = {
			isa = XCConfigurationList;
			buildConfigurations = (
				9E4628E22BAD7BE900E0F98B /* Debug */,
				9E4628E32BAD7BE900E0F98B /* Release */,
			);
			defaultConfigurationIsVisible = 0;
			defaultConfigurationName = Release;
		};
		9E4628E42BAD7BE900E0F98B /* Build configuration list for PBXNativeTarget "VK_test_assignment" */ = {
			isa = XCConfigurationList;
			buildConfigurations = (
				9E4628E52BAD7BE900E0F98B /* Debug */,
				9E4628E62BAD7BE900E0F98B /* Release */,
			);
			defaultConfigurationIsVisible = 0;
			defaultConfigurationName = Release;
		};
/* End XCConfigurationList section */

/* Begin XCRemoteSwiftPackageReference section */
		9E4629102BAD8EDF00E0F98B /* XCRemoteSwiftPackageReference "SnapKit" */ = {
			isa = XCRemoteSwiftPackageReference;
			repositoryURL = "https://github.com/SnapKit/SnapKit.git";
			requirement = {
				kind = upToNextMajorVersion;
				minimumVersion = 5.7.1;
			};
		};
/* End XCRemoteSwiftPackageReference section */

/* Begin XCSwiftPackageProductDependency section */
		9E4629112BAD8EDF00E0F98B /* SnapKit */ = {
			isa = XCSwiftPackageProductDependency;
			package = 9E4629102BAD8EDF00E0F98B /* XCRemoteSwiftPackageReference "SnapKit" */;
			productName = SnapKit;
		};
		9E4629132BAD8EDF00E0F98B /* SnapKit-Dynamic */ = {
			isa = XCSwiftPackageProductDependency;
			package = 9E4629102BAD8EDF00E0F98B /* XCRemoteSwiftPackageReference "SnapKit" */;
			productName = "SnapKit-Dynamic";
		};
/* End XCSwiftPackageProductDependency section */
	};
	rootObject = 9E4628C82BAD7BE700E0F98B /* Project object */;
}
